
Microsoft Visual Studio Solution File, Format Version 12.00
Project("{2150E333-8FDC-42A3-9474-1A3956D46DE8}") = "SRC", "SRC", "{0FAF46F4-8608-40E1-B1F6-6069F0741C29}"
EndProject
Project("{2150E333-8FDC-42A3-9474-1A3956D46DE8}") = "GATEWAY", "GATEWAY", "{F0A38333-0C44-48FE-A473-887FF037133C}"
EndProject
Project("{2150E333-8FDC-42A3-9474-1A3956D46DE8}") = "SERVICES", "SERVICES", "{C3ECE14B-D431-4687-87EF-8D7C90888380}"
EndProject
Project("{FAE04EC0-301F-11D3-BF4B-00C04F79EFBC}") = "GATEWAY.API", "SRC\GATEWAY\GATEWAY.API\GATEWAY.API.csproj", "{027F6EBA-BCF1-428C-99CD-A3D008AC597D}"
EndProject
Project("{2150E333-8FDC-42A3-9474-1A3956D46DE8}") = "IDENTITY", "IDENTITY", "{8A051E48-0695-4500-BFB6-35C1FE8A0133}"
EndProject
Project("{FAE04EC0-301F-11D3-BF4B-00C04F79EFBC}") = "IDENTITY.API", "SRC\SERVICES\IDENTITY\IDENTITY.API\IDENTITY.API.csproj", "{45CA2386-56D9-4BE2-8BCF-C0AE6A596F8D}"
EndProject
Project("{FAE04EC0-301F-11D3-BF4B-00C04F79EFBC}") = "IDENTITY.APPLICATION", "SRC\SERVICES\IDENTITY\IDENTITY.APPLICATION\IDENTITY.APPLICATION.csproj", "{63344BA1-4A77-4E98-85A4-AA0014321A1A}"
EndProject
Project("{FAE04EC0-301F-11D3-BF4B-00C04F79EFBC}") = "IDENTITY.DOMAIN", "SRC\SERVICES\IDENTITY\IDENTITY.DOMAIN\IDENTITY.DOMAIN.csproj", "{A7C7E2F4-6697-4744-85CE-6334EFA67CD0}"
EndProject
Project("{FAE04EC0-301F-11D3-BF4B-00C04F79EFBC}") = "IDENTITY.CONTRACT", "SRC\SERVICES\IDENTITY\IDENTITY.CONTRACT\IDENTITY.CONTRACT.csproj", "{1D28ED8E-07CA-4EDD-96CA-8DB52BCA40BA}"
EndProject
Project("{FAE04EC0-301F-11D3-BF4B-00C04F79EFBC}") = "IDENTITY.PERSISTENCE", "SRC\SERVICES\IDENTITY\IDENTITY.PERSISTENCE\IDENTITY.PERSISTENCE.csproj", "{2968C945-DC8A-4377-AE4F-F56FF89A7261}"
EndProject
Project("{2150E333-8FDC-42A3-9474-1A3956D46DE8}") = "INVENTORY", "INVENTORY", "{9E8C35D2-BB7B-446A-B577-EBEB67008027}"
EndProject
Project("{FAE04EC0-301F-11D3-BF4B-00C04F79EFBC}") = "INVENTORY.API", "SRC\SERVICES\INVENTORY\INVENTORY.API\INVENTORY.API.csproj", "{4162916E-9D1C-49C9-8C67-04558DC6FC1F}"
EndProject
Project("{FAE04EC0-301F-11D3-BF4B-00C04F79EFBC}") = "IDENTITY.INFRASTRUCTURE", "SRC\SERVICES\IDENTITY\IDENTITY.INFRASTRUCTURE\IDENTITY.INFRASTRUCTURE.csproj", "{0F09BD45-8958-4AF2-9418-4ED26D368BE7}"
EndProject
Global
	GlobalSection(SolutionConfigurationPlatforms) = preSolution
		Debug|Any CPU = Debug|Any CPU
		Release|Any CPU = Release|Any CPU
	EndGlobalSection
	GlobalSection(NestedProjects) = preSolution
		{F0A38333-0C44-48FE-A473-887FF037133C} = {0FAF46F4-8608-40E1-B1F6-6069F0741C29}
		{C3ECE14B-D431-4687-87EF-8D7C90888380} = {0FAF46F4-8608-40E1-B1F6-6069F0741C29}
		{027F6EBA-BCF1-428C-99CD-A3D008AC597D} = {F0A38333-0C44-48FE-A473-887FF037133C}
		{8A051E48-0695-4500-BFB6-35C1FE8A0133} = {C3ECE14B-D431-4687-87EF-8D7C90888380}
		{45CA2386-56D9-4BE2-8BCF-C0AE6A596F8D} = {8A051E48-0695-4500-BFB6-35C1FE8A0133}
		{63344BA1-4A77-4E98-85A4-AA0014321A1A} = {8A051E48-0695-4500-BFB6-35C1FE8A0133}
		{A7C7E2F4-6697-4744-85CE-6334EFA67CD0} = {8A051E48-0695-4500-BFB6-35C1FE8A0133}
		{1D28ED8E-07CA-4EDD-96CA-8DB52BCA40BA} = {8A051E48-0695-4500-BFB6-35C1FE8A0133}
		{2968C945-DC8A-4377-AE4F-F56FF89A7261} = {8A051E48-0695-4500-BFB6-35C1FE8A0133}
		{9E8C35D2-BB7B-446A-B577-EBEB67008027} = {C3ECE14B-D431-4687-87EF-8D7C90888380}
		{4162916E-9D1C-49C9-8C67-04558DC6FC1F} = {9E8C35D2-BB7B-446A-B577-EBEB67008027}
		{0F09BD45-8958-4AF2-9418-4ED26D368BE7} = {8A051E48-0695-4500-BFB6-35C1FE8A0133}
	EndGlobalSection
	GlobalSection(ProjectConfigurationPlatforms) = postSolution
		{027F6EBA-BCF1-428C-99CD-A3D008AC597D}.Debug|Any CPU.ActiveCfg = Debug|Any CPU
		{027F6EBA-BCF1-428C-99CD-A3D008AC597D}.Debug|Any CPU.Build.0 = Debug|Any CPU
		{027F6EBA-BCF1-428C-99CD-A3D008AC597D}.Release|Any CPU.ActiveCfg = Release|Any CPU
		{027F6EBA-BCF1-428C-99CD-A3D008AC597D}.Release|Any CPU.Build.0 = Release|Any CPU
		{45CA2386-56D9-4BE2-8BCF-C0AE6A596F8D}.Debug|Any CPU.ActiveCfg = Debug|Any CPU
		{45CA2386-56D9-4BE2-8BCF-C0AE6A596F8D}.Debug|Any CPU.Build.0 = Debug|Any CPU
		{45CA2386-56D9-4BE2-8BCF-C0AE6A596F8D}.Release|Any CPU.ActiveCfg = Release|Any CPU
		{45CA2386-56D9-4BE2-8BCF-C0AE6A596F8D}.Release|Any CPU.Build.0 = Release|Any CPU
		{63344BA1-4A77-4E98-85A4-AA0014321A1A}.Debug|Any CPU.ActiveCfg = Debug|Any CPU
		{63344BA1-4A77-4E98-85A4-AA0014321A1A}.Debug|Any CPU.Build.0 = Debug|Any CPU
		{63344BA1-4A77-4E98-85A4-AA0014321A1A}.Release|Any CPU.ActiveCfg = Release|Any CPU
		{63344BA1-4A77-4E98-85A4-AA0014321A1A}.Release|Any CPU.Build.0 = Release|Any CPU
		{A7C7E2F4-6697-4744-85CE-6334EFA67CD0}.Debug|Any CPU.ActiveCfg = Debug|Any CPU
		{A7C7E2F4-6697-4744-85CE-6334EFA67CD0}.Debug|Any CPU.Build.0 = Debug|Any CPU
		{A7C7E2F4-6697-4744-85CE-6334EFA67CD0}.Release|Any CPU.ActiveCfg = Release|Any CPU
		{A7C7E2F4-6697-4744-85CE-6334EFA67CD0}.Release|Any CPU.Build.0 = Release|Any CPU
		{1D28ED8E-07CA-4EDD-96CA-8DB52BCA40BA}.Debug|Any CPU.ActiveCfg = Debug|Any CPU
		{1D28ED8E-07CA-4EDD-96CA-8DB52BCA40BA}.Debug|Any CPU.Build.0 = Debug|Any CPU
		{1D28ED8E-07CA-4EDD-96CA-8DB52BCA40BA}.Release|Any CPU.ActiveCfg = Release|Any CPU
		{1D28ED8E-07CA-4EDD-96CA-8DB52BCA40BA}.Release|Any CPU.Build.0 = Release|Any CPU
		{2968C945-DC8A-4377-AE4F-F56FF89A7261}.Debug|Any CPU.ActiveCfg = Debug|Any CPU
		{2968C945-DC8A-4377-AE4F-F56FF89A7261}.Debug|Any CPU.Build.0 = Debug|Any CPU
		{2968C945-DC8A-4377-AE4F-F56FF89A7261}.Release|Any CPU.ActiveCfg = Release|Any CPU
		{2968C945-DC8A-4377-AE4F-F56FF89A7261}.Release|Any CPU.Build.0 = Release|Any CPU
		{4162916E-9D1C-49C9-8C67-04558DC6FC1F}.Debug|Any CPU.ActiveCfg = Debug|Any CPU
		{4162916E-9D1C-49C9-8C67-04558DC6FC1F}.Debug|Any CPU.Build.0 = Debug|Any CPU
		{4162916E-9D1C-49C9-8C67-04558DC6FC1F}.Release|Any CPU.ActiveCfg = Release|Any CPU
		{4162916E-9D1C-49C9-8C67-04558DC6FC1F}.Release|Any CPU.Build.0 = Release|Any CPU
		{0F09BD45-8958-4AF2-9418-4ED26D368BE7}.Debug|Any CPU.ActiveCfg = Debug|Any CPU
		{0F09BD45-8958-4AF2-9418-4ED26D368BE7}.Debug|Any CPU.Build.0 = Debug|Any CPU
		{0F09BD45-8958-4AF2-9418-4ED26D368BE7}.Release|Any CPU.ActiveCfg = Release|Any CPU
		{0F09BD45-8958-4AF2-9418-4ED26D368BE7}.Release|Any CPU.Build.0 = Release|Any CPU
	EndGlobalSection
EndGlobal
